
Microsoft Visual Studio Solution File, Format Version 11.00
# Visual Studio 2010
# SharpDevelop 4.4
Project("{FAE04EC0-301F-11D3-BF4B-00C04F79EFBC}") = "BeHappyVS2010", "BeHappyVS2010.csproj", "{D5E19718-8865-4F7C-B2B2-308C55290870}"
EndProject
Global
	GlobalSection(TeamFoundationVersionControl) = preSolution
		SccNumberOfProjects = 1
		SccEnterpriseProvider = {4CA58AB2-18FA-4F8D-95D4-32DDF27D184C}
		SccTeamFoundationServer = https://tfs.codeplex.com/tfs/tfs06
		SccProjectUniqueName0 = BeHappyVS2010.csproj
		SccProjectName0 = .
		SccAuxPath0 = https://tfs.codeplex.com/tfs/tfs06
		SccLocalPath0 = .
		SccProvider0 = {4CA58AB2-18FA-4F8D-95D4-32DDF27D184C}
	EndGlobalSection
	GlobalSection(SolutionConfigurationPlatforms) = preSolution
		Debug|Any CPU = Debug|Any CPU
		Release|Any CPU = Release|Any CPU
	EndGlobalSection
	GlobalSection(ProjectConfigurationPlatforms) = postSolution
		{D5E19718-8865-4F7C-B2B2-308C55290870}.Debug|Any CPU.ActiveCfg = Debug|Any CPU
		{D5E19718-8865-4F7C-B2B2-308C55290870}.Debug|Any CPU.Build.0 = Debug|Any CPU
		{D5E19718-8865-4F7C-B2B2-308C55290870}.Release|Any CPU.ActiveCfg = Release|Any CPU
		{D5E19718-8865-4F7C-B2B2-308C55290870}.Release|Any CPU.Build.0 = Release|Any CPU
	EndGlobalSection
	GlobalSection(SolutionProperties) = preSolution
		HideSolutionNode = FALSE
	EndGlobalSection
EndGlobal
